
Microsoft Visual Studio Solution File, Format Version 12.00
# Visual Studio Version 16
VisualStudioVersion = 16.0.31624.102
MinimumVisualStudioVersion = 10.0.40219.1
Project("{FAE04EC0-301F-11D3-BF4B-00C04F79EFBC}") = "AsyncFrases", "AsyncFrases\AsyncFrases.csproj", "{B064382B-FCA1-4DF3-AB76-B19C932670EB}"
EndProject
Global
	GlobalSection(SolutionConfigurationPlatforms) = preSolution
		Debug|Any CPU = Debug|Any CPU
		Release|Any CPU = Release|Any CPU
	EndGlobalSection
	GlobalSection(ProjectConfigurationPlatforms) = postSolution
		{B064382B-FCA1-4DF3-AB76-B19C932670EB}.Debug|Any CPU.ActiveCfg = Debug|Any CPU
		{B064382B-FCA1-4DF3-AB76-B19C932670EB}.Debug|Any CPU.Build.0 = Debug|Any CPU
		{B064382B-FCA1-4DF3-AB76-B19C932670EB}.Release|Any CPU.ActiveCfg = Release|Any CPU
		{B064382B-FCA1-4DF3-AB76-B19C932670EB}.Release|Any CPU.Build.0 = Release|Any CPU
	EndGlobalSection
	GlobalSection(SolutionProperties) = preSolution
		HideSolutionNode = FALSE
	EndGlobalSection
	GlobalSection(ExtensibilityGlobals) = postSolution
		SolutionGuid = {63059E2D-CE2A-4255-8C61-438C5EEC65EB}
	EndGlobalSection
EndGlobal
